
Microsoft Visual Studio Solution File, Format Version 12.00
# Visual Studio Version 16
VisualStudioVersion = 16.0.31624.102
MinimumVisualStudioVersion = 10.0.40219.1
Project("{FAE04EC0-301F-11D3-BF4B-00C04F79EFBC}") = "Bilmece", "Bilmece\Bilmece.csproj", "{E667AA87-C1B9-4D52-ACC5-9BE0E8919FAE}"
EndProject
Global
	GlobalSection(SolutionConfigurationPlatforms) = preSolution
		Debug|Any CPU = Debug|Any CPU
		Release|Any CPU = Release|Any CPU
	EndGlobalSection
	GlobalSection(ProjectConfigurationPlatforms) = postSolution
		{E667AA87-C1B9-4D52-ACC5-9BE0E8919FAE}.Debug|Any CPU.ActiveCfg = Debug|Any CPU
		{E667AA87-C1B9-4D52-ACC5-9BE0E8919FAE}.Debug|Any CPU.Build.0 = Debug|Any CPU
		{E667AA87-C1B9-4D52-ACC5-9BE0E8919FAE}.Release|Any CPU.ActiveCfg = Release|Any CPU
		{E667AA87-C1B9-4D52-ACC5-9BE0E8919FAE}.Release|Any CPU.Build.0 = Release|Any CPU
	EndGlobalSection
	GlobalSection(SolutionProperties) = preSolution
		HideSolutionNode = FALSE
	EndGlobalSection
	GlobalSection(ExtensibilityGlobals) = postSolution
		SolutionGuid = {BB93A7A6-8E47-4BB0-9C88-F4F799011432}
	EndGlobalSection
EndGlobal
